PODS:
  - Action (2.1.0):
    - RxCocoa (~> 3.0)
    - RxSwift (~> 3.0)
  - Alamofire (4.2.0)
  - Artsy+OSSUIFonts (1.1.0)
  - Artsy+UIColors (3.1.0)
  - Artsy-UIButtons (2.0.3):
    - Artsy+OSSUIFonts
    - Artsy+UIColors (~> 3.0)
    - UIView+BooleanAnimations
  - FBSnapshotTestCase (2.1.4):
    - FBSnapshotTestCase/SwiftSupport (= 2.1.4)
  - FBSnapshotTestCase/Core (2.1.4)
  - FBSnapshotTestCase/SwiftSupport (2.1.4):
    - FBSnapshotTestCase/Core
  - Hue (2.0.1)
  - IQKeyboardManagerSwift (4.0.7)
  - LFLiveKit (2.3)
  - MBProgressHUD (1.0.0)
  - Moya (8.0.0-beta.5):
    - Moya/Core (= 8.0.0-beta.5)
  - Moya/Core (8.0.0-beta.5):
    - Alamofire (~> 4.0)
    - Result (~> 3.0)
  - Moya/RxSwift (8.0.0-beta.5):
    - Moya/Core
    - RxSwift (~> 3.0)
  - Nimble (5.1.1)
  - Nimble-Snapshots (4.4.0):
    - Nimble-Snapshots/Core (= 4.4.0)
  - Nimble-Snapshots/Core (4.4.0):
    - FBSnapshotTestCase (~> 2.0)
    - Nimble
    - Quick
  - NSObject+Rx (2.0.0):
    - RxSwift
  - Quick (1.0.0)
  - R.swift (3.1.0):
    - R.swift.Library (~> 3.0.2)
  - R.swift.Library (3.0.2)
  - RESideMenu (4.0.7)
  - Result (3.1.0)
  - RxCocoa (3.0.1):
    - RxSwift (~> 3.0)
  - RxSwift (3.0.1)
  - SDWebImage (4.0.0-beta2):
    - SDWebImage/Core (= 4.0.0-beta2)
  - SDWebImage/Core (4.0.0-beta2)
  - SnapKit (3.0.2)
  - Socket.IO-Client-Swift (8.1.2)
  - SVProgressHUD (2.1)
  - SwiftyJSON (3.1.3)
  - UIScrollView-InfiniteScroll (0.9.0)
  - UIView+BooleanAnimations (1.0.2)
  - XLPagerTabStrip (6.0.0)

DEPENDENCIES:
  - Action (= 2.1.0)
  - Alamofire (= 4.2.0)
  - Artsy-UIButtons (= 2.0.3)
  - Hue (= 2.0.1)
  - IQKeyboardManagerSwift (= 4.0.7)
  - LFLiveKit (= 2.3)
  - MBProgressHUD (= 1.0.0)
  - Moya (= 8.0.0-beta.5)
  - Moya/RxSwift (= 8.0.0-beta.5)
  - Nimble
  - Nimble-Snapshots
  - NSObject+Rx (= 2.0.0)
  - Quick
  - R.swift (= 3.1.0)
  - RESideMenu (from `https://github.com/RGSSoftware/RESideMenu.git`)
  - RxCocoa (= 3.0.1)
  - SDWebImage (= 4.0.0-beta2)
  - SnapKit (~> 3.0.2)
  - Socket.IO-Client-Swift (= 8.1.2)
  - SVProgressHUD (= 2.1)
  - SwiftyJSON (= 3.1.3)
  - UIScrollView-InfiniteScroll (from `https://github.com/pronebird/UIScrollView-InfiniteScroll.git`, commit `1f7b418`)
  - XLPagerTabStrip (= 6.0.0)

EXTERNAL SOURCES:
  RESideMenu:
    :git: https://github.com/RGSSoftware/RESideMenu.git
  UIScrollView-InfiniteScroll:
    :commit: 1f7b418
    :git: https://github.com/pronebird/UIScrollView-InfiniteScroll.git

CHECKOUT OPTIONS:
  RESideMenu:
    :commit: cce53f279a721c81f1a1ccd313719f63030f7f5f
    :git: https://github.com/RGSSoftware/RESideMenu.git
  UIScrollView-InfiniteScroll:
    :commit: 1f7b418
    :git: https://github.com/pronebird/UIScrollView-InfiniteScroll.git

SPEC CHECKSUMS:
  Action: b02569f7169ae825e71d5a41ef727719ca5cc840
  Alamofire: aa2e09d871c9160ac53c90e83c68064a94e3dfbe
  Artsy+OSSUIFonts: 4b01bb7451a35a877a055cefcdd92cffa2207781
  Artsy+UIColors: 31c03c4146f5e6618a9b950f37dfe02dd9ac09a6
  Artsy-UIButtons: 0c87d8a112e6b1d688b153c2a7a8f155e2f1a18f
  FBSnapshotTestCase: 094f9f314decbabe373b87cc339bea235a63e07a
  Hue: 354caec055fdc9d38b5ef33ca2e7224721843baf
  IQKeyboardManagerSwift: 58bbcf46b5cf9fd4ed625d28a60cb2fbae4ab0f4
  LFLiveKit: 76a5cb34509f8cbe25e3a95824cf80f36d36679b
  MBProgressHUD: 4890f671c94e8a0f3cf959aa731e9de2f036d71a
  Moya: a3bbabe1e21a96066199a2dad874db1949510214
  Nimble: 415e3aa3267e7bc2c96b05fa814ddea7bb686a29
  Nimble-Snapshots: e743439f26c2fa99d8f7e0d7c01c99bcb40aa6f2
  NSObject+Rx: 2a9cd801d9c847e6d2486cbad8d7701b67834e70
  Quick: 8024e4a47e6cc03a9d5245ef0948264fc6d27cff
  R.swift: 14400e5784224d1e4e59a8fc5549198c7e8fe360
  R.swift.Library: fbdec16c9802ad104fc1ba53415dc190e6ec5c73
  RESideMenu: f24c508404b49c667344c54aba7e590883533958
  Result: 4e3ed5995ed94d0cd6a09be9a431fce3f3624bbf
  RxCocoa: 15a52fc590dcc700cb4a690a633b5c5184ce3a78
  RxSwift: af5680055c4ad04480189c52d28385b1029493a6
  SDWebImage: e379f33106cf8d6766f970c0ef1c3fb609c94d78
  SnapKit: 2e456761aa92d4d4067a7a5594c18769d451a8ad
  Socket.IO-Client-Swift: 542d82e6708f9901b3f6c1d134fb60fa0d09d4d1
  SVProgressHUD: 76eacbf6f547ee13b3b25e2fb42b52d4cad76112
  SwiftyJSON: 38a8ea2006779c0fc4c310cb2ee8195327740faf
  UIScrollView-InfiniteScroll: 4ce2baefee466959cdd9c64b064f66c337ddae45
  UIView+BooleanAnimations: a760be9a066036e55f298b7b7350a6cb14cfcd97
  XLPagerTabStrip: c46e802a8dcac29edbcea573de8fe920e052455b

PODFILE CHECKSUM: 17e269e5cf23287efebc416443c9f09f421425bd

COCOAPODS: 1.1.1
