// !$*UTF8*$!
{
	archiveVersion = 1;
	classes = {
	};
	objectVersion = 46;
	objects = {

/* Begin PBXBuildFile section */
		2280DB291E038CF000966356 /* AppDelegate.swift in Sources */ = {isa = PBXBuildFile; fileRef = 2280DB281E038CF000966356 /* AppDelegate.swift */; };
		2280DB2B1E038CF000966356 /* ViewController.swift in Sources */ = {isa = PBXBuildFile; fileRef = 2280DB2A1E038CF000966356 /* ViewController.swift */; };
		2280DB2E1E038CF000966356 /* Main.storyboard in Resources */ = {isa = PBXBuildFile; fileRef = 2280DB2C1E038CF000966356 /* Main.storyboard */; };
		2280DB301E038CF000966356 /* Assets.xcassets in Resources */ = {isa = PBXBuildFile; fileRef = 2280DB2F1E038CF000966356 /* Assets.xcassets */; };
		2280DB331E038CF000966356 /* LaunchScreen.storyboard in Resources */ = {isa = PBXBuildFile; fileRef = 2280DB311E038CF000966356 /* LaunchScreen.storyboard */; };
		2280DB3B1E038CF900966356 /* FSVideoView.swift in Sources */ = {isa = PBXBuildFile; fileRef = 2280DB3A1E038CF900966356 /* FSVideoView.swift */; };
		2280DB3D1E038EBA00966356 /* HappyApps_Background_MountainWater.mp4 in Resources */ = {isa = PBXBuildFile; fileRef = 2280DB3C1E038DD200966356 /* HappyApps_Background_MountainWater.mp4 */; };
		2280DB3F1E038F9700966356 /* AVFoundation.framework in Frameworks */ = {isa = PBXBuildFile; fileRef = 2280DB3E1E038F9700966356 /* AVFoundation.framework */; };
		2280DB411E038FC600966356 /* AVKit.framework in Frameworks */ = {isa = PBXBuildFile; fileRef = 2280DB401E038FC600966356 /* AVKit.framework */; };
		2280DB431E03900400966356 /* MobileCoreServices.framework in Frameworks */ = {isa = PBXBuildFile; fileRef = 2280DB421E03900400966356 /* MobileCoreServices.framework */; };
		2280DB451E03931500966356 /* HappyApps_Background_MountainWater.mov in Resources */ = {isa = PBXBuildFile; fileRef = 2280DB441E03931500966356 /* HappyApps_Background_MountainWater.mov */; };
		2280DB471E03950400966356 /* QuartzCore.framework in Frameworks */ = {isa = PBXBuildFile; fileRef = 2280DB461E03950400966356 /* QuartzCore.framework */; };
/* End PBXBuildFile section */

/* Begin PBXFileReference section */
		2280DB251E038CF000966356 /* mp4BackgroundView.app */ = {isa = PBXFileReference; explicitFileType = wrapper.application; includeInIndex = 0; path = mp4BackgroundView.app; sourceTree = BUILT_PRODUCTS_DIR; };
		2280DB281E038CF000966356 /* AppDelegate.swift */ = {isa = PBXFileReference; lastKnownFileType = sourcecode.swift; path = AppDelegate.swift; sourceTree = "<group>"; };
		2280DB2A1E038CF000966356 /* ViewController.swift */ = {isa = PBXFileReference; lastKnownFileType = sourcecode.swift; path = ViewController.swift; sourceTree = "<group>"; };
		2280DB2D1E038CF000966356 /* Base */ = {isa = PBXFileReference; lastKnownFileType = file.storyboard; name = Base; path = Base.lproj/Main.storyboard; sourceTree = "<group>"; };
		2280DB2F1E038CF000966356 /* Assets.xcassets */ = {isa = PBXFileReference; lastKnownFileType = folder.assetcatalog; path = Assets.xcassets; sourceTree = "<group>"; };
		2280DB321E038CF000966356 /* Base */ = {isa = PBXFileReference; lastKnownFileType = file.storyboard; name = Base; path = Base.lproj/LaunchScreen.storyboard; sourceTree = "<group>"; };
		2280DB341E038CF000966356 /* Info.plist */ = {isa = PBXFileReference; lastKnownFileType = text.plist.xml; path = Info.plist; sourceTree = "<group>"; };
		2280DB3A1E038CF900966356 /* FSVideoView.swift */ = {isa = PBXFileReference; fileEncoding = 4; lastKnownFileType = sourcecode.swift; path = FSVideoView.swift; sourceTree = "<group>"; };
		2280DB3C1E038DD200966356 /* HappyApps_Background_MountainWater.mp4 */ = {isa = PBXFileReference; lastKnownFileType = file; path = HappyApps_Background_MountainWater.mp4; sourceTree = "<group>"; };
		2280DB3E1E038F9700966356 /* AVFoundation.framework */ = {isa = PBXFileReference; lastKnownFileType = wrapper.framework; name = AVFoundation.framework; path = System/Library/Frameworks/AVFoundation.framework; sourceTree = SDKROOT; };
		2280DB401E038FC600966356 /* AVKit.framework */ = {isa = PBXFileReference; lastKnownFileType = wrapper.framework; name = AVKit.framework; path = System/Library/Frameworks/AVKit.framework; sourceTree = SDKROOT; };
		2280DB421E03900400966356 /* MobileCoreServices.framework */ = {isa = PBXFileReference; lastKnownFileType = wrapper.framework; name = MobileCoreServices.framework; path = System/Library/Frameworks/MobileCoreServices.framework; sourceTree = SDKROOT; };
		2280DB441E03931500966356 /* HappyApps_Background_MountainWater.mov */ = {isa = PBXFileReference; lastKnownFileType = video.quicktime; path = HappyApps_Background_MountainWater.mov; sourceTree = "<group>"; };
		2280DB461E03950400966356 /* QuartzCore.framework */ = {isa = PBXFileReference; lastKnownFileType = wrapper.framework; name = QuartzCore.framework; path = System/Library/Frameworks/QuartzCore.framework; sourceTree = SDKROOT; };
/* End PBXFileReference section */

/* Begin PBXFrameworksBuildPhase section */
		2280DB221E038CF000966356 /* Frameworks */ = {
			isa = PBXFrameworksBuildPhase;
			buildActionMask = 2147483647;
			files = (
				2280DB471E03950400966356 /* QuartzCore.framework in Frameworks */,
				2280DB431E03900400966356 /* MobileCoreServices.framework in Frameworks */,
				2280DB411E038FC600966356 /* AVKit.framework in Frameworks */,
				2280DB3F1E038F9700966356 /* AVFoundation.framework in Frameworks */,
			);
			runOnlyForDeploymentPostprocessing = 0;
		};
/* End PBXFrameworksBuildPhase section */

/* Begin PBXGroup section */
		2280DB1C1E038CF000966356 = {
			isa = PBXGroup;
			children = (
				2280DB461E03950400966356 /* QuartzCore.framework */,
				2280DB421E03900400966356 /* MobileCoreServices.framework */,
				2280DB401E038FC600966356 /* AVKit.framework */,
				2280DB3E1E038F9700966356 /* AVFoundation.framework */,
				2280DB271E038CF000966356 /* mp4BackgroundView */,
				2280DB261E038CF000966356 /* Products */,
			);
			sourceTree = "<group>";
		};
		2280DB261E038CF000966356 /* Products */ = {
			isa = PBXGroup;
			children = (
				2280DB251E038CF000966356 /* mp4BackgroundView.app */,
			);
			name = Products;
			sourceTree = "<group>";
		};
		2280DB271E038CF000966356 /* mp4BackgroundView */ = {
			isa = PBXGroup;
			children = (
				2280DB3C1E038DD200966356 /* HappyApps_Background_MountainWater.mp4 */,
				2280DB441E03931500966356 /* HappyApps_Background_MountainWater.mov */,
				2280DB3A1E038CF900966356 /* FSVideoView.swift */,
				2280DB281E038CF000966356 /* AppDelegate.swift */,
				2280DB2A1E038CF000966356 /* ViewController.swift */,
				2280DB2C1E038CF000966356 /* Main.storyboard */,
				2280DB2F1E038CF000966356 /* Assets.xcassets */,
				2280DB311E038CF000966356 /* LaunchScreen.storyboard */,
				2280DB341E038CF000966356 /* Info.plist */,
			);
			path = mp4BackgroundView;
			sourceTree = "<group>";
		};
/* End PBXGroup section */

/* Begin PBXNativeTarget section */
		2280DB241E038CF000966356 /* mp4BackgroundView */ = {
			isa = PBXNativeTarget;
			buildConfigurationList = 2280DB371E038CF000966356 /* Build configuration list for PBXNativeTarget "mp4BackgroundView" */;
			buildPhases = (
				2280DB211E038CF000966356 /* Sources */,
				2280DB221E038CF000966356 /* Frameworks */,
				2280DB231E038CF000966356 /* Resources */,
			);
			buildRules = (
			);
			dependencies = (
			);
			name = mp4BackgroundView;
			productName = mp4BackgroundView;
			productReference = 2280DB251E038CF000966356 /* mp4BackgroundView.app */;
			productType = "com.apple.product-type.application";
		};
/* End PBXNativeTarget section */

/* Begin PBXProject section */
		2280DB1D1E038CF000966356 /* Project object */ = {
			isa = PBXProject;
			attributes = {
				LastSwiftUpdateCheck = 0730;
				LastUpgradeCheck = 0730;
				ORGANIZATIONNAME = "Randel Smith rs@randelsmith.com";
				TargetAttributes = {
					2280DB241E038CF000966356 = {
						CreatedOnToolsVersion = 7.3.1;
					};
				};
			};
			buildConfigurationList = 2280DB201E038CF000966356 /* Build configuration list for PBXProject "mp4BackgroundView" */;
			compatibilityVersion = "Xcode 3.2";
			developmentRegion = English;
			hasScannedForEncodings = 0;
			knownRegions = (
				en,
				Base,
			);
			mainGroup = 2280DB1C1E038CF000966356;
			productRefGroup = 2280DB261E038CF000966356 /* Products */;
			projectDirPath = "";
			projectRoot = "";
			targets = (
				2280DB241E038CF000966356 /* mp4BackgroundView */,
			);
		};
/* End PBXProject section */

/* Begin PBXResourcesBuildPhase section */
		2280DB231E038CF000966356 /* Resources */ = {
			isa = PBXResourcesBuildPhase;
			buildActionMask = 2147483647;
			files = (
				2280DB3D1E038EBA00966356 /* HappyApps_Background_MountainWater.mp4 in Resources */,
				2280DB331E038CF000966356 /* LaunchScreen.storyboard in Resources */,
				2280DB301E038CF000966356 /* Assets.xcassets in Resources */,
				2280DB2E1E038CF000966356 /* Main.storyboard in Resources */,
				2280DB451E03931500966356 /* HappyApps_Background_MountainWater.mov in Resources */,
			);
			runOnlyForDeploymentPostprocessing = 0;
		};
/* End PBXResourcesBuildPhase section */

/* Begin PBXSourcesBuildPhase section */
		2280DB211E038CF000966356 /* Sources */ = {
			isa = PBXSourcesBuildPhase;
			buildActionMask = 2147483647;
			files = (
				2280DB3B1E038CF900966356 /* FSVideoView.swift in Sources */,
				2280DB2B1E038CF000966356 /* ViewController.swift in Sources */,
				2280DB291E038CF000966356 /* AppDelegate.swift in Sources */,
			);
			runOnlyForDeploymentPostprocessing = 0;
		};
/* End PBXSourcesBuildPhase section */

/* Begin PBXVariantGroup section */
		2280DB2C1E038CF000966356 /* Main.storyboard */ = {
			isa = PBXVariantGroup;
			children = (
				2280DB2D1E038CF000966356 /* Base */,
			);
			name = Main.storyboard;
			sourceTree = "<group>";
		};
		2280DB311E038CF000966356 /* LaunchScreen.storyboard */ = {
			isa = PBXVariantGroup;
			children = (
				2280DB321E038CF000966356 /* Base */,
			);
			name = LaunchScreen.storyboard;
			sourceTree = "<group>";
		};
/* End PBXVariantGroup section */

/* Begin XCBuildConfiguration section */
		2280DB351E038CF000966356 /* Debug */ = {
			isa = XCBuildConfiguration;
			buildSettings = {
				ALWAYS_SEARCH_USER_PATHS = NO;
				CLANG_ANALYZER_NONNULL = YES;
				CLANG_CXX_LANGUAGE_STANDARD = "gnu++0x";
				CLANG_CXX_LIBRARY = "libc++";
				CLANG_ENABLE_MODULES = YES;
				CLANG_ENABLE_OBJC_ARC = YES;
				CLANG_WARN_BOOL_CONVERSION = YES;
				CLANG_WARN_CONSTANT_CONVERSION = YES;
				CLANG_WARN_DIRECT_OBJC_ISA_USAGE = YES_ERROR;
				CLANG_WARN_EMPTY_BODY = YES;
				CLANG_WARN_ENUM_CONVERSION = YES;
				CLANG_WARN_INT_CONVERSION = YES;
				CLANG_WARN_OBJC_ROOT_CLASS = YES_ERROR;
				CLANG_WARN_UNREACHABLE_CODE = YES;
				CLANG_WARN__DUPLICATE_METHOD_MATCH = YES;
				"CODE_SIGN_IDENTITY[sdk=iphoneos*]" = "iPhone Developer";
				COPY_PHASE_STRIP = NO;
				DEBUG_INFORMATION_FORMAT = dwarf;
				ENABLE_STRICT_OBJC_MSGSEND = YES;
				ENABLE_TESTABILITY = YES;
				GCC_C_LANGUAGE_STANDARD = gnu99;
				GCC_DYNAMIC_NO_PIC = NO;
				GCC_NO_COMMON_BLOCKS = YES;
				GCC_OPTIMIZATION_LEVEL = 0;
				GCC_PREPROCESSOR_DEFINITIONS = (
					"DEBUG=1",
					"$(inherited)",
				);
				GCC_WARN_64_TO_32_BIT_CONVERSION = YES;
				GCC_WARN_ABOUT_RETURN_TYPE = YES_ERROR;
				GCC_WARN_UNDECLARED_SELECTOR = YES;
				GCC_WARN_UNINITIALIZED_AUTOS = YES_AGGRESSIVE;
				GCC_WARN_UNUSED_FUNCTION = YES;
				GCC_WARN_UNUSED_VARIABLE = YES;
				IPHONEOS_DEPLOYMENT_TARGET = 9.3;
				MTL_ENABLE_DEBUG_INFO = YES;
				ONLY_ACTIVE_ARCH = YES;
				SDKROOT = iphoneos;
				SWIFT_OPTIMIZATION_LEVEL = "-Onone";
				TARGETED_DEVICE_FAMILY = "1,2";
			};
			name = Debug;
		};
		2280DB361E038CF000966356 /* Release */ = {
			isa = XCBuildConfiguration;
			buildSettings = {
				ALWAYS_SEARCH_USER_PATHS = NO;
				CLANG_ANALYZER_NONNULL = YES;
				CLANG_CXX_LANGUAGE_STANDARD = "gnu++0x";
				CLANG_CXX_LIBRARY = "libc++";
				CLANG_ENABLE_MODULES = YES;
				CLANG_ENABLE_OBJC_ARC = YES;
				CLANG_WARN_BOOL_CONVERSION = YES;
				CLANG_WARN_CONSTANT_CONVERSION = YES;
				CLANG_WARN_DIRECT_OBJC_ISA_USAGE = YES_ERROR;
				CLANG_WARN_EMPTY_BODY = YES;
				CLANG_WARN_ENUM_CONVERSION = YES;
				CLANG_WARN_INT_CONVERSION = YES;
				CLANG_WARN_OBJC_ROOT_CLASS = YES_ERROR;
				CLANG_WARN_UNREACHABLE_CODE = YES;
				CLANG_WARN__DUPLICATE_METHOD_MATCH = YES;
				"CODE_SIGN_IDENTITY[sdk=iphoneos*]" = "iPhone Developer";
				COPY_PHASE_STRIP = NO;
				DEBUG_INFORMATION_FORMAT = "dwarf-with-dsym";
				ENABLE_NS_ASSERTIONS = NO;
				ENABLE_STRICT_OBJC_MSGSEND = YES;
				GCC_C_LANGUAGE_STANDARD = gnu99;
				GCC_NO_COMMON_BLOCKS = YES;
				GCC_WARN_64_TO_32_BIT_CONVERSION = YES;
				GCC_WARN_ABOUT_RETURN_TYPE = YES_ERROR;
				GCC_WARN_UNDECLARED_SELECTOR = YES;
				GCC_WARN_UNINITIALIZED_AUTOS = YES_AGGRESSIVE;
				GCC_WARN_UNUSED_FUNCTION = YES;
				GCC_WARN_UNUSED_VARIABLE = YES;
				IPHONEOS_DEPLOYMENT_TARGET = 9.3;
				MTL_ENABLE_DEBUG_INFO = NO;
				SDKROOT = iphoneos;
				TARGETED_DEVICE_FAMILY = "1,2";
				VALIDATE_PRODUCT = YES;
			};
			name = Release;
		};
		2280DB381E038CF000966356 /* Debug */ = {
			isa = XCBuildConfiguration;
			buildSettings = {
				ASSETCATALOG_COMPILER_APPICON_NAME = AppIcon;
				INFOPLIST_FILE = mp4BackgroundView/Info.plist;
				LD_RUNPATH_SEARCH_PATHS = "$(inherited) @executable_path/Frameworks";
				PRODUCT_BUNDLE_IDENTIFIER = com.Software.mp4BackgroundView;
				PRODUCT_NAME = "$(TARGET_NAME)";
			};
			name = Debug;
		};
		2280DB391E038CF000966356 /* Release */ = {
			isa = XCBuildConfiguration;
			buildSettings = {
				ASSETCATALOG_COMPILER_APPICON_NAME = AppIcon;
				INFOPLIST_FILE = mp4BackgroundView/Info.plist;
				LD_RUNPATH_SEARCH_PATHS = "$(inherited) @executable_path/Frameworks";
				PRODUCT_BUNDLE_IDENTIFIER = com.Software.mp4BackgroundView;
				PRODUCT_NAME = "$(TARGET_NAME)";
			};
			name = Release;
		};
/* End XCBuildConfiguration section */

/* Begin XCConfigurationList section */
		2280DB201E038CF000966356 /* Build configuration list for PBXProject "mp4BackgroundView" */ = {
			isa = XCConfigurationList;
			buildConfigurations = (
				2280DB351E038CF000966356 /* Debug */,
				2280DB361E038CF000966356 /* Release */,
			);
			defaultConfigurationIsVisible = 0;
			defaultConfigurationName = Release;
		};
		2280DB371E038CF000966356 /* Build configuration list for PBXNativeTarget "mp4BackgroundView" */ = {
			isa = XCConfigurationList;
			buildConfigurations = (
				2280DB381E038CF000966356 /* Debug */,
				2280DB391E038CF000966356 /* Release */,
			);
			defaultConfigurationIsVisible = 0;
		};
/* End XCConfigurationList section */
	};
	rootObject = 2280DB1D1E038CF000966356 /* Project object */;
}
